# This is a Gradle generated file for dependency locking.
# Manual edits can break the build and are not advised.
# This file is expected to be part of source control.
com.google.protobuf:protoc:3.21.5=protobufToolsLocator_protoc
empty=annotationProcessor,compileClasspath,compileProtoPath,protobuf,runtimeClasspath,testAnnotationProcessor,testCompileClasspath,testCompileProtoPath,testProtobuf,testRuntimeClasspath
